
Microsoft Visual Studio Solution File, Format Version 12.00
# Visual Studio Version 17
VisualStudioVersion = 17.3.32922.545
MinimumVisualStudioVersion = 10.0.40219.1
Project("{FAE04EC0-301F-11D3-BF4B-00C04F79EFBC}") = "MercuryTours", "MercuryTours\MercuryTours.csproj", "{1EEA7AEB-7935-4EDD-A9CC-46872D5DE36A}"
EndProject
Global
	GlobalSection(SolutionConfigurationPlatforms) = preSolution
		Debug|Any CPU = Debug|Any CPU
		Release|Any CPU = Release|Any CPU
	EndGlobalSection
	GlobalSection(ProjectConfigurationPlatforms) = postSolution
		{1EEA7AEB-7935-4EDD-A9CC-46872D5DE36A}.Debug|Any CPU.ActiveCfg = Debug|Any CPU
		{1EEA7AEB-7935-4EDD-A9CC-46872D5DE36A}.Debug|Any CPU.Build.0 = Debug|Any CPU
		{1EEA7AEB-7935-4EDD-A9CC-46872D5DE36A}.Release|Any CPU.ActiveCfg = Release|Any CPU
		{1EEA7AEB-7935-4EDD-A9CC-46872D5DE36A}.Release|Any CPU.Build.0 = Release|Any CPU
	EndGlobalSection
	GlobalSection(SolutionProperties) = preSolution
		HideSolutionNode = FALSE
	EndGlobalSection
	GlobalSection(ExtensibilityGlobals) = postSolution
		SolutionGuid = {CAFA98CB-4918-4D24-B4CD-6EEF0D66B72A}
	EndGlobalSection
EndGlobal
